{
  "nodes": {
    "RenderEngine": {
      "inputs": {
        "nixpkgs": "nixpkgs"
      },
      "locked": {
        "lastModified": 1787226090,
        "narHash": "sha256-eL8+x7kpF3p1QcZk4T4KF8hxxY2gmAGEY5nY9rQAKbc=",
        "owner": "georgiyord",
        "repo": "Chaos-Ray-Tracing",
        "rev": "352602750075a2f42763f746f2033b93a5e4b9f5",
        "type": "github"
      },
      "original": {
        "owner": "georgiyord",
        "repo": "Chaos-Ray-Tracing",
        "type": "github"
      }
    },
    "nixpkgs": {
      "locked": {
        "lastModified": 1786534138,
        "narHash": "sha256-fBJMdnKUTUDtfi/BYLr71HLaC9dG382arxLF2Egg2uo=",
        "owner": "NixOS",
        "repo": "nixpkgs",
        "rev": "044bfe75bfe4c7bbe043dc17b5e42ea823b84a09",
        "type": "github"
      },
      "original": {
        "owner": "NixOS",
        "ref": "nixpkgs-unstable",
        "repo": "nixpkgs",
        "type": "github"
      }
    },
    "nixpkgs_2": {
      "locked": {
        "lastModified": 1787135253,
        "narHash": "sha256-RD2kNWCG+Bjo6h+JVjWVNntZs2GtRoeY2xHjts/FNkA=",
        "owner": "nixos",
        "repo": "nixpkgs",
        "rev": "ffb3c9b700e759be2ef13237c9d8f953b32a1e46",
        "type": "github"
      },
      "original": {
        "owner": "nixos",
        "ref": "nixos-unstable",
        "repo": "nixpkgs",
        "type": "github"
      }
    },
    "root": {
      "inputs": {
        "RenderEngine": "RenderEngine",
        "nixpkgs": "nixpkgs_2"
      }
    }
  },
  "root": "root",
  "version": 7
}
